
Microsoft Visual Studio Solution File, Format Version 12.00
# Visual Studio Version 16
VisualStudioVersion = 16.0.34601.136
MinimumVisualStudioVersion = 10.0.40219.1
Project("{FAE04EC0-301F-11D3-BF4B-00C04F79EFBC}") = "ScholarshipInformationManagementSystem", "ScholarshipInformationManagementSystem\ScholarshipInformationManagementSystem.csproj", "{34E3986F-3B34-41D0-8395-4C1D83B026FC}"
EndProject
Global
	GlobalSection(SolutionConfigurationPlatforms) = preSolution
		Debug|Any CPU = Debug|Any CPU
		Release|Any CPU = Release|Any CPU
	EndGlobalSection
	GlobalSection(ProjectConfigurationPlatforms) = postSolution
		{34E3986F-3B34-41D0-8395-4C1D83B026FC}.Debug|Any CPU.ActiveCfg = Debug|Any CPU
		{34E3986F-3B34-41D0-8395-4C1D83B026FC}.Debug|Any CPU.Build.0 = Debug|Any CPU
		{34E3986F-3B34-41D0-8395-4C1D83B026FC}.Release|Any CPU.ActiveCfg = Release|Any CPU
		{34E3986F-3B34-41D0-8395-4C1D83B026FC}.Release|Any CPU.Build.0 = Release|Any CPU
	EndGlobalSection
	GlobalSection(SolutionProperties) = preSolution
		HideSolutionNode = FALSE
	EndGlobalSection
	GlobalSection(ExtensibilityGlobals) = postSolution
		SolutionGuid = {68B1EE67-1706-46B8-B25F-876407AF3476}
	EndGlobalSection
EndGlobal
